# This file is automatically @generated by Poetry 1.5.1 and should not be changed by hand.

[[package]]
name = "fn-py"
version = "0.6.0"
description = "Implementation of missing features to enjoy functional programming in Python"
optional = false
python-versions = "*"
files = [
    {file = "fn.py-0.6.0-py3-none-any.whl", hash = "sha256:31a6c596d60e3c236aec8097270259c53c3635de4327927a2fd1928a56116658"},
    {file = "fn.py-0.6.0.tar.gz", hash = "sha256:97b7e2d625cbcb9b322d4dbc57386f9e454da23617347abe1854fed434e0cb10"},
]

[[package]]
name = "toolz"
version = "0.12.0"
description = "List processing tools and functional utilities"
optional = false
python-versions = ">=3.5"
files = [
    {file = "toolz-0.12.0-py3-none-any.whl", hash = "sha256:2059bd4148deb1884bb0eb770a3cde70e7f954cfbbdc2285f1f2de01fd21eb6f"},
    {file = "toolz-0.12.0.tar.gz", hash = "sha256:88c570861c440ee3f2f6037c4654613228ff40c93a6c25e0eba70d17282c6194"},
]

[metadata]
lock-version = "2.0"
python-versions = "^3.11"
content-hash = "8d094bde1aac0c9b71b87d3031dbd5278a2877390527c7e6473fd70fb2c91ad5"
